
Microsoft Visual Studio Solution File, Format Version 12.00
# Visual Studio Version 16
VisualStudioVersion = 16.0.31702.278
MinimumVisualStudioVersion = 10.0.40219.1
Project("{FAE04EC0-301F-11D3-BF4B-00C04F79EFBC}") = "DualRobotDemo", "DualRobotDemo\DualRobotDemo.csproj", "{2151D8F6-95C2-4FDA-87AE-971216A13D1C}"
EndProject
Global
	GlobalSection(SolutionConfigurationPlatforms) = preSolution
		Debug|Any CPU = Debug|Any CPU
		Release|Any CPU = Release|Any CPU
	EndGlobalSection
	GlobalSection(ProjectConfigurationPlatforms) = postSolution
		{2151D8F6-95C2-4FDA-87AE-971216A13D1C}.Debug|Any CPU.ActiveCfg = Debug|Any CPU
		{2151D8F6-95C2-4FDA-87AE-971216A13D1C}.Debug|Any CPU.Build.0 = Debug|Any CPU
		{2151D8F6-95C2-4FDA-87AE-971216A13D1C}.Release|Any CPU.ActiveCfg = Release|Any CPU
		{2151D8F6-95C2-4FDA-87AE-971216A13D1C}.Release|Any CPU.Build.0 = Release|Any CPU
	EndGlobalSection
	GlobalSection(SolutionProperties) = preSolution
		HideSolutionNode = FALSE
	EndGlobalSection
	GlobalSection(ExtensibilityGlobals) = postSolution
		SolutionGuid = {72D130CA-39A1-4D0C-B350-DDC1986FC393}
	EndGlobalSection
EndGlobal
